
Microsoft Visual Studio Solution File, Format Version 12.00
# Visual Studio Version 17
VisualStudioVersion = 17.6.33815.320
MinimumVisualStudioVersion = 10.0.40219.1
Project("{FAE04EC0-301F-11D3-BF4B-00C04F79EFBC}") = "2_1 Exercise", "2_1 Exercise.csproj", "{D5F7FA33-486B-47CB-8F5C-E842B59AA764}"
EndProject
Global
	GlobalSection(SolutionConfigurationPlatforms) = preSolution
		Debug|Any CPU = Debug|Any CPU
		Release|Any CPU = Release|Any CPU
	EndGlobalSection
	GlobalSection(ProjectConfigurationPlatforms) = postSolution
		{D5F7FA33-486B-47CB-8F5C-E842B59AA764}.Debug|Any CPU.ActiveCfg = Debug|Any CPU
		{D5F7FA33-486B-47CB-8F5C-E842B59AA764}.Debug|Any CPU.Build.0 = Debug|Any CPU
		{D5F7FA33-486B-47CB-8F5C-E842B59AA764}.Release|Any CPU.ActiveCfg = Release|Any CPU
		{D5F7FA33-486B-47CB-8F5C-E842B59AA764}.Release|Any CPU.Build.0 = Release|Any CPU
	EndGlobalSection
	GlobalSection(SolutionProperties) = preSolution
		HideSolutionNode = FALSE
	EndGlobalSection
	GlobalSection(ExtensibilityGlobals) = postSolution
		SolutionGuid = {FCAB362B-27DC-428C-913A-8BF64E367569}
	EndGlobalSection
EndGlobal
