
Microsoft Visual Studio Solution File, Format Version 12.00
# Visual Studio Version 17
VisualStudioVersion = 17.8.34511.84
MinimumVisualStudioVersion = 10.0.40219.1
Project("{FAE04EC0-301F-11D3-BF4B-00C04F79EFBC}") = "Section7", "Section7.csproj", "{46AE74EF-F25E-4C67-946A-90D63CEB9BAC}"
EndProject
Global
	GlobalSection(SolutionConfigurationPlatforms) = preSolution
		Debug|Any CPU = Debug|Any CPU
		Release|Any CPU = Release|Any CPU
	EndGlobalSection
	GlobalSection(ProjectConfigurationPlatforms) = postSolution
		{46AE74EF-F25E-4C67-946A-90D63CEB9BAC}.Debug|Any CPU.ActiveCfg = Debug|Any CPU
		{46AE74EF-F25E-4C67-946A-90D63CEB9BAC}.Debug|Any CPU.Build.0 = Debug|Any CPU
		{46AE74EF-F25E-4C67-946A-90D63CEB9BAC}.Release|Any CPU.ActiveCfg = Release|Any CPU
		{46AE74EF-F25E-4C67-946A-90D63CEB9BAC}.Release|Any CPU.Build.0 = Release|Any CPU
	EndGlobalSection
	GlobalSection(SolutionProperties) = preSolution
		HideSolutionNode = FALSE
	EndGlobalSection
	GlobalSection(ExtensibilityGlobals) = postSolution
		SolutionGuid = {18FD5ADA-379E-4F61-A020-08ADE6746343}
	EndGlobalSection
EndGlobal
