
Microsoft Visual Studio Solution File, Format Version 12.00
# Visual Studio Version 17
VisualStudioVersion = 17.6.33815.320
MinimumVisualStudioVersion = 10.0.40219.1
Project("{FAE04EC0-301F-11D3-BF4B-00C04F79EFBC}") = "OldStyleApp", "OldStyleApp.csproj", "{706CE1E5-F6BE-46BB-B096-1D0A6469D704}"
EndProject
Global
	GlobalSection(SolutionConfigurationPlatforms) = preSolution
		Debug|Any CPU = Debug|Any CPU
		Release|Any CPU = Release|Any CPU
	EndGlobalSection
	GlobalSection(ProjectConfigurationPlatforms) = postSolution
		{706CE1E5-F6BE-46BB-B096-1D0A6469D704}.Debug|Any CPU.ActiveCfg = Debug|Any CPU
		{706CE1E5-F6BE-46BB-B096-1D0A6469D704}.Debug|Any CPU.Build.0 = Debug|Any CPU
		{706CE1E5-F6BE-46BB-B096-1D0A6469D704}.Release|Any CPU.ActiveCfg = Release|Any CPU
		{706CE1E5-F6BE-46BB-B096-1D0A6469D704}.Release|Any CPU.Build.0 = Release|Any CPU
	EndGlobalSection
	GlobalSection(SolutionProperties) = preSolution
		HideSolutionNode = FALSE
	EndGlobalSection
	GlobalSection(ExtensibilityGlobals) = postSolution
		SolutionGuid = {951CABF1-6E99-42AA-B1E8-77C3B0605AB8}
	EndGlobalSection
EndGlobal
